// !$*UTF8*$!
{
	archiveVersion = 1;
	classes = {
	};
	objectVersion = 56;
	objects = {

/* Begin PBXBuildFile section */
		6F4C1FD62C3BBE1D0000D10F /* SignUpViewModel.swift in Sources */ = {isa = PBXBuildFile; fileRef = 6F4C1FD52C3BBE1D0000D10F /* SignUpViewModel.swift */; };
		6F4C1FD82C3BD45B0000D10F /* ForgotPasswordViewModel.swift in Sources */ = {isa = PBXBuildFile; fileRef = 6F4C1FD72C3BD45B0000D10F /* ForgotPasswordViewModel.swift */; };
		6F4C1FDA2C3BE8600000D10F /* CustomLoaderView.swift in Sources */ = {isa = PBXBuildFile; fileRef = 6F4C1FD92C3BE8600000D10F /* CustomLoaderView.swift */; };
		6F4C1FE02C3C14140000D10F /* NewsTableViewCell.swift in Sources */ = {isa = PBXBuildFile; fileRef = 6F4C1FDF2C3C14140000D10F /* NewsTableViewCell.swift */; };
		6F590AD62C3AB7EC00F0B761 /* AlertManager.swift in Sources */ = {isa = PBXBuildFile; fileRef = 6F590AD52C3AB7EC00F0B761 /* AlertManager.swift */; };
		6F590AD82C3B141800F0B761 /* AuthValidator.swift in Sources */ = {isa = PBXBuildFile; fileRef = 6F590AD72C3B141800F0B761 /* AuthValidator.swift */; };
		6F590ADA2C3B166900F0B761 /* User.swift in Sources */ = {isa = PBXBuildFile; fileRef = 6F590AD92C3B166900F0B761 /* User.swift */; };
		6F590ADC2C3B1C0600F0B761 /* SignInViewModel.swift in Sources */ = {isa = PBXBuildFile; fileRef = 6F590ADB2C3B1C0600F0B761 /* SignInViewModel.swift */; };
		6F7542972C31B1B60085839C /* CustomTextField.swift in Sources */ = {isa = PBXBuildFile; fileRef = 6F7542962C31B1B60085839C /* CustomTextField.swift */; };
		6F7542992C32E9B80085839C /* CustomButton.swift in Sources */ = {isa = PBXBuildFile; fileRef = 6F7542982C32E9B80085839C /* CustomButton.swift */; };
		6F75429B2C33DB3A0085839C /* AuthService.swift in Sources */ = {isa = PBXBuildFile; fileRef = 6F75429A2C33DB390085839C /* AuthService.swift */; };
		6F75429E2C33E7BE0085839C /* NewsView.swift in Sources */ = {isa = PBXBuildFile; fileRef = 6F75429D2C33E7BE0085839C /* NewsView.swift */; };
		6F7542A02C33E7D70085839C /* LeaderboardsView.swift in Sources */ = {isa = PBXBuildFile; fileRef = 6F75429F2C33E7D70085839C /* LeaderboardsView.swift */; };
		6F7542A22C33E7F30085839C /* QuizView.swift in Sources */ = {isa = PBXBuildFile; fileRef = 6F7542A12C33E7F30085839C /* QuizView.swift */; };
		6F7542A42C33E8080085839C /* ProfileView.swift in Sources */ = {isa = PBXBuildFile; fileRef = 6F7542A32C33E8080085839C /* ProfileView.swift */; };
		6F7542A72C33EBBD0085839C /* FirebaseFirestore in Frameworks */ = {isa = PBXBuildFile; productRef = 6F7542A62C33EBBD0085839C /* FirebaseFirestore */; };
		6F7542A92C33EC0B0085839C /* LoginUserRequest.swift in Sources */ = {isa = PBXBuildFile; fileRef = 6F7542A82C33EC0B0085839C /* LoginUserRequest.swift */; };
		6F7542AB2C33EC250085839C /* RegisterUserRequest.swift in Sources */ = {isa = PBXBuildFile; fileRef = 6F7542AA2C33EC250085839C /* RegisterUserRequest.swift */; };
		6F7542AD2C33EE230085839C /* WebViewer.swift in Sources */ = {isa = PBXBuildFile; fileRef = 6F7542AC2C33EE230085839C /* WebViewer.swift */; };
		6F7A1A9A2C3D273F006D0986 /* MenuView.swift in Sources */ = {isa = PBXBuildFile; fileRef = 6F7A1A992C3D273F006D0986 /* MenuView.swift */; };
		6F7A1A9C2C3D27E2006D0986 /* GeneralNewsView.swift in Sources */ = {isa = PBXBuildFile; fileRef = 6F7A1A9B2C3D27E2006D0986 /* GeneralNewsView.swift */; };
		6F7A1A9E2C3E8072006D0986 /* SportNewsView.swift in Sources */ = {isa = PBXBuildFile; fileRef = 6F7A1A9D2C3E8072006D0986 /* SportNewsView.swift */; };
		6F7A1AA02C3E9728006D0986 /* HealthNewsView.swift in Sources */ = {isa = PBXBuildFile; fileRef = 6F7A1A9F2C3E9728006D0986 /* HealthNewsView.swift */; };
		6F7A1AA22C3E974A006D0986 /* TechNewsView.swift in Sources */ = {isa = PBXBuildFile; fileRef = 6F7A1AA12C3E974A006D0986 /* TechNewsView.swift */; };
		6F7A1AA42C3E99DE006D0986 /* NewsViewModel.swift in Sources */ = {isa = PBXBuildFile; fileRef = 6F7A1AA32C3E99DE006D0986 /* NewsViewModel.swift */; };
		6F7A1AA62C3E9A2E006D0986 /* MenuViewModel.swift in Sources */ = {isa = PBXBuildFile; fileRef = 6F7A1AA52C3E9A2E006D0986 /* MenuViewModel.swift */; };
		6F7A1AA92C3EA26F006D0986 /* GeneralNewsViewModel.swift in Sources */ = {isa = PBXBuildFile; fileRef = 6F7A1AA82C3EA26F006D0986 /* GeneralNewsViewModel.swift */; };
		6F7A1AAB2C3EA291006D0986 /* News.swift in Sources */ = {isa = PBXBuildFile; fileRef = 6F7A1AAA2C3EA291006D0986 /* News.swift */; };
		6F7A1AAE2C3EAB72006D0986 /* UIImageViewExtension.swift in Sources */ = {isa = PBXBuildFile; fileRef = 6F7A1AAD2C3EAB72006D0986 /* UIImageViewExtension.swift */; };
		6F7A1AB02C3EB5AE006D0986 /* NetworkService.swift in Sources */ = {isa = PBXBuildFile; fileRef = 6F7A1AAF2C3EB5AE006D0986 /* NetworkService.swift */; };
		6F7A1AB42C3FB538006D0986 /* NewsTableViewCellRedditType.swift in Sources */ = {isa = PBXBuildFile; fileRef = 6F7A1AB32C3FB538006D0986 /* NewsTableViewCellRedditType.swift */; };
		6F7A1AB72C3FCC28006D0986 /* PoliticNewsView.swift in Sources */ = {isa = PBXBuildFile; fileRef = 6F7A1AB62C3FCC28006D0986 /* PoliticNewsView.swift */; };
		6F7A1AB92C3FCC54006D0986 /* PoliticsNewsViewModel.swift in Sources */ = {isa = PBXBuildFile; fileRef = 6F7A1AB82C3FCC54006D0986 /* PoliticsNewsViewModel.swift */; };
		6F7A1ABB2C3FD82C006D0986 /* ProtocolExtension.swift in Sources */ = {isa = PBXBuildFile; fileRef = 6F7A1ABA2C3FD82C006D0986 /* ProtocolExtension.swift */; };
		6F7A1ABD2C401F94006D0986 /* SportNewsViewModel.swift in Sources */ = {isa = PBXBuildFile; fileRef = 6F7A1ABC2C401F94006D0986 /* SportNewsViewModel.swift */; };
		6F7A1ABF2C402135006D0986 /* HealthNewsViewModel.swift in Sources */ = {isa = PBXBuildFile; fileRef = 6F7A1ABE2C402135006D0986 /* HealthNewsViewModel.swift */; };
		6F7A1AC12C402156006D0986 /* TechNewsViewModel.swift in Sources */ = {isa = PBXBuildFile; fileRef = 6F7A1AC02C402156006D0986 /* TechNewsViewModel.swift */; };
		6F7A1AC82C406651006D0986 /* NewsDetailedViewModel.swift in Sources */ = {isa = PBXBuildFile; fileRef = 6F7A1AC72C406651006D0986 /* NewsDetailedViewModel.swift */; };
		6F7A1AD52C4126EA006D0986 /* NewsDetailedView.swift in Sources */ = {isa = PBXBuildFile; fileRef = 6F7A1AD42C4126EA006D0986 /* NewsDetailedView.swift */; };
		6F7A1AE12C4264FA006D0986 /* ProfileViewModel.swift in Sources */ = {isa = PBXBuildFile; fileRef = 6F7A1AE02C4264FA006D0986 /* ProfileViewModel.swift */; };
		6F7A1AE52C42A742006D0986 /* FiraGO-Regular.ttf in Resources */ = {isa = PBXBuildFile; fileRef = 6F7A1AE42C42A741006D0986 /* FiraGO-Regular.ttf */; };
		6F7A1AE72C42C8E7006D0986 /* GradientLayer.swift in Sources */ = {isa = PBXBuildFile; fileRef = 6F7A1AE62C42C8E7006D0986 /* GradientLayer.swift */; };
		6FBA083F2C2D7E3E00A148F7 /* AppDelegate.swift in Sources */ = {isa = PBXBuildFile; fileRef = 6FBA083E2C2D7E3E00A148F7 /* AppDelegate.swift */; };
		6FBA08412C2D7E3E00A148F7 /* SceneDelegate.swift in Sources */ = {isa = PBXBuildFile; fileRef = 6FBA08402C2D7E3E00A148F7 /* SceneDelegate.swift */; };
		6FBA08432C2D7E3E00A148F7 /* SignInView.swift in Sources */ = {isa = PBXBuildFile; fileRef = 6FBA08422C2D7E3E00A148F7 /* SignInView.swift */; };
		6FBA08482C2D7E3F00A148F7 /* Assets.xcassets in Resources */ = {isa = PBXBuildFile; fileRef = 6FBA08472C2D7E3F00A148F7 /* Assets.xcassets */; };
		6FBA084B2C2D7E3F00A148F7 /* Base in Resources */ = {isa = PBXBuildFile; fileRef = 6FBA084A2C2D7E3F00A148F7 /* Base */; };
		6FBA08532C2EA7D800A148F7 /* GoogleService-Info.plist in Resources */ = {isa = PBXBuildFile; fileRef = 6FBA08522C2EA7D800A148F7 /* GoogleService-Info.plist */; };
		6FBA085A2C2EA97000A148F7 /* FirebaseAuth in Frameworks */ = {isa = PBXBuildFile; productRef = 6FBA08592C2EA97000A148F7 /* FirebaseAuth */; };
		6FBA08632C2EB02A00A148F7 /* ForgotPasswordView.swift in Sources */ = {isa = PBXBuildFile; fileRef = 6FBA08622C2EB02A00A148F7 /* ForgotPasswordView.swift */; };
		6FBA08652C2EB82800A148F7 /* SignUpView.swift in Sources */ = {isa = PBXBuildFile; fileRef = 6FBA08642C2EB82800A148F7 /* SignUpView.swift */; };
		6FBA08672C2EB8E800A148F7 /* RootViewController.swift in Sources */ = {isa = PBXBuildFile; fileRef = 6FBA08662C2EB8E800A148F7 /* RootViewController.swift */; };
		6FBA086A2C2EB9A800A148F7 /* AuthHeaderView.swift in Sources */ = {isa = PBXBuildFile; fileRef = 6FBA08692C2EB9A700A148F7 /* AuthHeaderView.swift */; };
/* End PBXBuildFile section */

/* Begin PBXFileReference section */
		6F4C1FD52C3BBE1D0000D10F /* SignUpViewModel.swift */ = {isa = PBXFileReference; lastKnownFileType = sourcecode.swift; path = SignUpViewModel.swift; sourceTree = "<group>"; };
		6F4C1FD72C3BD45B0000D10F /* ForgotPasswordViewModel.swift */ = {isa = PBXFileReference; lastKnownFileType = sourcecode.swift; path = ForgotPasswordViewModel.swift; sourceTree = "<group>"; };
		6F4C1FD92C3BE8600000D10F /* CustomLoaderView.swift */ = {isa = PBXFileReference; lastKnownFileType = sourcecode.swift; path = CustomLoaderView.swift; sourceTree = "<group>"; };
		6F4C1FDF2C3C14140000D10F /* NewsTableViewCell.swift */ = {isa = PBXFileReference; lastKnownFileType = sourcecode.swift; path = NewsTableViewCell.swift; sourceTree = "<group>"; };
		6F590AD52C3AB7EC00F0B761 /* AlertManager.swift */ = {isa = PBXFileReference; lastKnownFileType = sourcecode.swift; path = AlertManager.swift; sourceTree = "<group>"; };
		6F590AD72C3B141800F0B761 /* AuthValidator.swift */ = {isa = PBXFileReference; lastKnownFileType = sourcecode.swift; path = AuthValidator.swift; sourceTree = "<group>"; };
		6F590AD92C3B166900F0B761 /* User.swift */ = {isa = PBXFileReference; lastKnownFileType = sourcecode.swift; path = User.swift; sourceTree = "<group>"; };
		6F590ADB2C3B1C0600F0B761 /* SignInViewModel.swift */ = {isa = PBXFileReference; lastKnownFileType = sourcecode.swift; path = SignInViewModel.swift; sourceTree = "<group>"; };
		6F7542962C31B1B60085839C /* CustomTextField.swift */ = {isa = PBXFileReference; lastKnownFileType = sourcecode.swift; path = CustomTextField.swift; sourceTree = "<group>"; };
		6F7542982C32E9B80085839C /* CustomButton.swift */ = {isa = PBXFileReference; lastKnownFileType = sourcecode.swift; path = CustomButton.swift; sourceTree = "<group>"; };
		6F75429A2C33DB390085839C /* AuthService.swift */ = {isa = PBXFileReference; lastKnownFileType = sourcecode.swift; path = AuthService.swift; sourceTree = "<group>"; };
		6F75429D2C33E7BE0085839C /* NewsView.swift */ = {isa = PBXFileReference; lastKnownFileType = sourcecode.swift; path = NewsView.swift; sourceTree = "<group>"; };
		6F75429F2C33E7D70085839C /* LeaderboardsView.swift */ = {isa = PBXFileReference; lastKnownFileType = sourcecode.swift; path = LeaderboardsView.swift; sourceTree = "<group>"; };
		6F7542A12C33E7F30085839C /* QuizView.swift */ = {isa = PBXFileReference; lastKnownFileType = sourcecode.swift; path = QuizView.swift; sourceTree = "<group>"; };
		6F7542A32C33E8080085839C /* ProfileView.swift */ = {isa = PBXFileReference; lastKnownFileType = sourcecode.swift; path = ProfileView.swift; sourceTree = "<group>"; };
		6F7542A82C33EC0B0085839C /* LoginUserRequest.swift */ = {isa = PBXFileReference; lastKnownFileType = sourcecode.swift; path = LoginUserRequest.swift; sourceTree = "<group>"; };
		6F7542AA2C33EC250085839C /* RegisterUserRequest.swift */ = {isa = PBXFileReference; lastKnownFileType = sourcecode.swift; path = RegisterUserRequest.swift; sourceTree = "<group>"; };
		6F7542AC2C33EE230085839C /* WebViewer.swift */ = {isa = PBXFileReference; lastKnownFileType = sourcecode.swift; path = WebViewer.swift; sourceTree = "<group>"; };
		6F7A1A992C3D273F006D0986 /* MenuView.swift */ = {isa = PBXFileReference; lastKnownFileType = sourcecode.swift; path = MenuView.swift; sourceTree = "<group>"; };
		6F7A1A9B2C3D27E2006D0986 /* GeneralNewsView.swift */ = {isa = PBXFileReference; lastKnownFileType = sourcecode.swift; path = GeneralNewsView.swift; sourceTree = "<group>"; };
		6F7A1A9D2C3E8072006D0986 /* SportNewsView.swift */ = {isa = PBXFileReference; lastKnownFileType = sourcecode.swift; path = SportNewsView.swift; sourceTree = "<group>"; };
		6F7A1A9F2C3E9728006D0986 /* HealthNewsView.swift */ = {isa = PBXFileReference; lastKnownFileType = sourcecode.swift; path = HealthNewsView.swift; sourceTree = "<group>"; };
		6F7A1AA12C3E974A006D0986 /* TechNewsView.swift */ = {isa = PBXFileReference; lastKnownFileType = sourcecode.swift; path = TechNewsView.swift; sourceTree = "<group>"; };
		6F7A1AA32C3E99DE006D0986 /* NewsViewModel.swift */ = {isa = PBXFileReference; lastKnownFileType = sourcecode.swift; path = NewsViewModel.swift; sourceTree = "<group>"; };
		6F7A1AA52C3E9A2E006D0986 /* MenuViewModel.swift */ = {isa = PBXFileReference; lastKnownFileType = sourcecode.swift; path = MenuViewModel.swift; sourceTree = "<group>"; };
		6F7A1AA82C3EA26F006D0986 /* GeneralNewsViewModel.swift */ = {isa = PBXFileReference; lastKnownFileType = sourcecode.swift; path = GeneralNewsViewModel.swift; sourceTree = "<group>"; };
		6F7A1AAA2C3EA291006D0986 /* News.swift */ = {isa = PBXFileReference; lastKnownFileType = sourcecode.swift; path = News.swift; sourceTree = "<group>"; };
		6F7A1AAD2C3EAB72006D0986 /* UIImageViewExtension.swift */ = {isa = PBXFileReference; lastKnownFileType = sourcecode.swift; path = UIImageViewExtension.swift; sourceTree = "<group>"; };
		6F7A1AAF2C3EB5AE006D0986 /* NetworkService.swift */ = {isa = PBXFileReference; lastKnownFileType = sourcecode.swift; path = NetworkService.swift; sourceTree = "<group>"; };
		6F7A1AB32C3FB538006D0986 /* NewsTableViewCellRedditType.swift */ = {isa = PBXFileReference; lastKnownFileType = sourcecode.swift; path = NewsTableViewCellRedditType.swift; sourceTree = "<group>"; };
		6F7A1AB62C3FCC28006D0986 /* PoliticNewsView.swift */ = {isa = PBXFileReference; lastKnownFileType = sourcecode.swift; path = PoliticNewsView.swift; sourceTree = "<group>"; };
		6F7A1AB82C3FCC54006D0986 /* PoliticsNewsViewModel.swift */ = {isa = PBXFileReference; lastKnownFileType = sourcecode.swift; path = PoliticsNewsViewModel.swift; sourceTree = "<group>"; };
		6F7A1ABA2C3FD82C006D0986 /* ProtocolExtension.swift */ = {isa = PBXFileReference; lastKnownFileType = sourcecode.swift; path = ProtocolExtension.swift; sourceTree = "<group>"; };
		6F7A1ABC2C401F94006D0986 /* SportNewsViewModel.swift */ = {isa = PBXFileReference; lastKnownFileType = sourcecode.swift; path = SportNewsViewModel.swift; sourceTree = "<group>"; };
		6F7A1ABE2C402135006D0986 /* HealthNewsViewModel.swift */ = {isa = PBXFileReference; lastKnownFileType = sourcecode.swift; path = HealthNewsViewModel.swift; sourceTree = "<group>"; };
		6F7A1AC02C402156006D0986 /* TechNewsViewModel.swift */ = {isa = PBXFileReference; lastKnownFileType = sourcecode.swift; path = TechNewsViewModel.swift; sourceTree = "<group>"; };
		6F7A1AC72C406651006D0986 /* NewsDetailedViewModel.swift */ = {isa = PBXFileReference; lastKnownFileType = sourcecode.swift; path = NewsDetailedViewModel.swift; sourceTree = "<group>"; };
		6F7A1AD42C4126EA006D0986 /* NewsDetailedView.swift */ = {isa = PBXFileReference; lastKnownFileType = sourcecode.swift; path = NewsDetailedView.swift; sourceTree = "<group>"; };
		6F7A1AE02C4264FA006D0986 /* ProfileViewModel.swift */ = {isa = PBXFileReference; lastKnownFileType = sourcecode.swift; path = ProfileViewModel.swift; sourceTree = "<group>"; };
		6F7A1AE42C42A741006D0986 /* FiraGO-Regular.ttf */ = {isa = PBXFileReference; lastKnownFileType = file; path = "FiraGO-Regular.ttf"; sourceTree = "<group>"; };
		6F7A1AE62C42C8E7006D0986 /* GradientLayer.swift */ = {isa = PBXFileReference; lastKnownFileType = sourcecode.swift; path = GradientLayer.swift; sourceTree = "<group>"; };
		6FBA083B2C2D7E3E00A148F7 /* GeoNews.app */ = {isa = PBXFileReference; explicitFileType = wrapper.application; includeInIndex = 0; path = GeoNews.app; sourceTree = BUILT_PRODUCTS_DIR; };
		6FBA083E2C2D7E3E00A148F7 /* AppDelegate.swift */ = {isa = PBXFileReference; lastKnownFileType = sourcecode.swift; path = AppDelegate.swift; sourceTree = "<group>"; };
		6FBA08402C2D7E3E00A148F7 /* SceneDelegate.swift */ = {isa = PBXFileReference; lastKnownFileType = sourcecode.swift; path = SceneDelegate.swift; sourceTree = "<group>"; };
		6FBA08422C2D7E3E00A148F7 /* SignInView.swift */ = {isa = PBXFileReference; lastKnownFileType = sourcecode.swift; path = SignInView.swift; sourceTree = "<group>"; };
		6FBA08472C2D7E3F00A148F7 /* Assets.xcassets */ = {isa = PBXFileReference; lastKnownFileType = folder.assetcatalog; path = Assets.xcassets; sourceTree = "<group>"; };
		6FBA084A2C2D7E3F00A148F7 /* Base */ = {isa = PBXFileReference; lastKnownFileType = file.storyboard; name = Base; path = Base.lproj/LaunchScreen.storyboard; sourceTree = "<group>"; };
		6FBA084C2C2D7E3F00A148F7 /* Info.plist */ = {isa = PBXFileReference; lastKnownFileType = text.plist.xml; path = Info.plist; sourceTree = "<group>"; };
		6FBA08522C2EA7D800A148F7 /* GoogleService-Info.plist */ = {isa = PBXFileReference; fileEncoding = 4; lastKnownFileType = text.plist.xml; path = "GoogleService-Info.plist"; sourceTree = "<group>"; };
		6FBA08622C2EB02A00A148F7 /* ForgotPasswordView.swift */ = {isa = PBXFileReference; lastKnownFileType = sourcecode.swift; path = ForgotPasswordView.swift; sourceTree = "<group>"; };
		6FBA08642C2EB82800A148F7 /* SignUpView.swift */ = {isa = PBXFileReference; lastKnownFileType = sourcecode.swift; path = SignUpView.swift; sourceTree = "<group>"; };
		6FBA08662C2EB8E800A148F7 /* RootViewController.swift */ = {isa = PBXFileReference; lastKnownFileType = sourcecode.swift; path = RootViewController.swift; sourceTree = "<group>"; };
		6FBA08692C2EB9A700A148F7 /* AuthHeaderView.swift */ = {isa = PBXFileReference; lastKnownFileType = sourcecode.swift; path = AuthHeaderView.swift; sourceTree = "<group>"; };
/* End PBXFileReference section */

/* Begin PBXFrameworksBuildPhase section */
		6FBA08382C2D7E3E00A148F7 /* Frameworks */ = {
			isa = PBXFrameworksBuildPhase;
			buildActionMask = 2147483647;
			files = (
				6F7542A72C33EBBD0085839C /* FirebaseFirestore in Frameworks */,
				6FBA085A2C2EA97000A148F7 /* FirebaseAuth in Frameworks */,
			);
			runOnlyForDeploymentPostprocessing = 0;
		};
/* End PBXFrameworksBuildPhase section */

/* Begin PBXGroup section */
		6F75429C2C33E7A70085839C /* TabBar */ = {
			isa = PBXGroup;
			children = (
				6FBA08662C2EB8E800A148F7 /* RootViewController.swift */,
				6F75429D2C33E7BE0085839C /* NewsView.swift */,
				6F7542A12C33E7F30085839C /* QuizView.swift */,
				6F75429F2C33E7D70085839C /* LeaderboardsView.swift */,
				6F7542A32C33E8080085839C /* ProfileView.swift */,
			);
			path = TabBar;
			sourceTree = "<group>";
		};
		6F7542A52C33EBBD0085839C /* Frameworks */ = {
			isa = PBXGroup;
			children = (
			);
			name = Frameworks;
			sourceTree = "<group>";
		};
		6F7A1A982C3D271A006D0986 /* SideMenu */ = {
			isa = PBXGroup;
			children = (
				6F7A1A992C3D273F006D0986 /* MenuView.swift */,
				6F7A1A9B2C3D27E2006D0986 /* GeneralNewsView.swift */,
				6F7A1AB62C3FCC28006D0986 /* PoliticNewsView.swift */,
				6F7A1A9D2C3E8072006D0986 /* SportNewsView.swift */,
				6F7A1A9F2C3E9728006D0986 /* HealthNewsView.swift */,
				6F7A1AA12C3E974A006D0986 /* TechNewsView.swift */,
			);
			path = SideMenu;
			sourceTree = "<group>";
		};
		6F7A1AA72C3E9F57006D0986 /* Authentification Views */ = {
			isa = PBXGroup;
			children = (
				6F590AD72C3B141800F0B761 /* AuthValidator.swift */,
				6FBA08642C2EB82800A148F7 /* SignUpView.swift */,
				6FBA08622C2EB02A00A148F7 /* ForgotPasswordView.swift */,
				6FBA08422C2D7E3E00A148F7 /* SignInView.swift */,
			);
			path = "Authentification Views";
			sourceTree = "<group>";
		};
		6F7A1AAC2C3EAB53006D0986 /* Networking Services */ = {
			isa = PBXGroup;
			children = (
				6F75429A2C33DB390085839C /* AuthService.swift */,
				6F7A1AAF2C3EB5AE006D0986 /* NetworkService.swift */,
			);
			path = "Networking Services";
			sourceTree = "<group>";
		};
		6F7A1AB52C3FC898006D0986 /* Extensions */ = {
			isa = PBXGroup;
			children = (
				6F7A1AAD2C3EAB72006D0986 /* UIImageViewExtension.swift */,
				6F7A1ABA2C3FD82C006D0986 /* ProtocolExtension.swift */,
			);
			path = Extensions;
			sourceTree = "<group>";
		};
		6F7A1AC42C4065ED006D0986 /* NewsDetailedViews */ = {
			isa = PBXGroup;
			children = (
				6F7A1AD42C4126EA006D0986 /* NewsDetailedView.swift */,
			);
			path = NewsDetailedViews;
			sourceTree = "<group>";
		};
		6F7A1AC92C4124EF006D0986 /* AuthentificationViewModels */ = {
			isa = PBXGroup;
			children = (
				6F4C1FD72C3BD45B0000D10F /* ForgotPasswordViewModel.swift */,
				6F4C1FD52C3BBE1D0000D10F /* SignUpViewModel.swift */,
				6F590ADB2C3B1C0600F0B761 /* SignInViewModel.swift */,
			);
			path = AuthentificationViewModels;
			sourceTree = "<group>";
		};
		6F7A1ACA2C412539006D0986 /* CategoriesViewModels */ = {
			isa = PBXGroup;
			children = (
				6F7A1AC02C402156006D0986 /* TechNewsViewModel.swift */,
				6F7A1ABE2C402135006D0986 /* HealthNewsViewModel.swift */,
				6F7A1ABC2C401F94006D0986 /* SportNewsViewModel.swift */,
				6F7A1AB82C3FCC54006D0986 /* PoliticsNewsViewModel.swift */,
				6F7A1AA82C3EA26F006D0986 /* GeneralNewsViewModel.swift */,
			);
			path = CategoriesViewModels;
			sourceTree = "<group>";
		};
		6F7A1ACB2C41257B006D0986 /* NewsDetailedViewModels */ = {
			isa = PBXGroup;
			children = (
				6F7A1AC72C406651006D0986 /* NewsDetailedViewModel.swift */,
			);
			path = NewsDetailedViewModels;
			sourceTree = "<group>";
		};
		6FBA08322C2D7E3E00A148F7 = {
			isa = PBXGroup;
			children = (
				6FBA083D2C2D7E3E00A148F7 /* GeoNews */,
				6FBA083C2C2D7E3E00A148F7 /* Products */,
				6F7542A52C33EBBD0085839C /* Frameworks */,
			);
			sourceTree = "<group>";
		};
		6FBA083C2C2D7E3E00A148F7 /* Products */ = {
			isa = PBXGroup;
			children = (
				6FBA083B2C2D7E3E00A148F7 /* GeoNews.app */,
			);
			name = Products;
			sourceTree = "<group>";
		};
		6FBA083D2C2D7E3E00A148F7 /* GeoNews */ = {
			isa = PBXGroup;
			children = (
				6F7A1AB52C3FC898006D0986 /* Extensions */,
				6F7A1AAC2C3EAB53006D0986 /* Networking Services */,
				6FBA085B2C2EA9E900A148F7 /* AppAndSceneDelegate */,
				6FBA08602C2EAACD00A148F7 /* Models */,
				6FBA085C2C2EAA1B00A148F7 /* Views */,
				6FBA08612C2EAAD200A148F7 /* ViewModels */,
				6FBA085F2C2EAABF00A148F7 /* LaunchScreen */,
				6FBA085D2C2EAA5500A148F7 /* Resources */,
				6FBA085E2C2EAA7400A148F7 /* SupportingFiles */,
			);
			path = GeoNews;
			sourceTree = "<group>";
		};
		6FBA085B2C2EA9E900A148F7 /* AppAndSceneDelegate */ = {
			isa = PBXGroup;
			children = (
				6FBA083E2C2D7E3E00A148F7 /* AppDelegate.swift */,
				6FBA08402C2D7E3E00A148F7 /* SceneDelegate.swift */,
			);
			path = AppAndSceneDelegate;
			sourceTree = "<group>";
		};
		6FBA085C2C2EAA1B00A148F7 /* Views */ = {
			isa = PBXGroup;
			children = (
				6F7A1AC42C4065ED006D0986 /* NewsDetailedViews */,
				6F7A1AA72C3E9F57006D0986 /* Authentification Views */,
				6F7A1A982C3D271A006D0986 /* SideMenu */,
				6F75429C2C33E7A70085839C /* TabBar */,
				6FBA08682C2EB98000A148F7 /* ReusableComponents */,
			);
			path = Views;
			sourceTree = "<group>";
		};
		6FBA085D2C2EAA5500A148F7 /* Resources */ = {
			isa = PBXGroup;
			children = (
				6FBA08472C2D7E3F00A148F7 /* Assets.xcassets */,
			);
			path = Resources;
			sourceTree = "<group>";
		};
		6FBA085E2C2EAA7400A148F7 /* SupportingFiles */ = {
			isa = PBXGroup;
			children = (
				6F7A1AE42C42A741006D0986 /* FiraGO-Regular.ttf */,
				6FBA084C2C2D7E3F00A148F7 /* Info.plist */,
				6FBA08522C2EA7D800A148F7 /* GoogleService-Info.plist */,
			);
			path = SupportingFiles;
			sourceTree = "<group>";
		};
		6FBA085F2C2EAABF00A148F7 /* LaunchScreen */ = {
			isa = PBXGroup;
			children = (
				6FBA08492C2D7E3F00A148F7 /* LaunchScreen.storyboard */,
			);
			path = LaunchScreen;
			sourceTree = "<group>";
		};
		6FBA08602C2EAACD00A148F7 /* Models */ = {
			isa = PBXGroup;
			children = (
				6F7542A82C33EC0B0085839C /* LoginUserRequest.swift */,
				6F7542AA2C33EC250085839C /* RegisterUserRequest.swift */,
				6F590AD92C3B166900F0B761 /* User.swift */,
				6F7A1AAA2C3EA291006D0986 /* News.swift */,
			);
			path = Models;
			sourceTree = "<group>";
		};
		6FBA08612C2EAAD200A148F7 /* ViewModels */ = {
			isa = PBXGroup;
			children = (
				6F7A1ACB2C41257B006D0986 /* NewsDetailedViewModels */,
				6F7A1ACA2C412539006D0986 /* CategoriesViewModels */,
				6F7A1AC92C4124EF006D0986 /* AuthentificationViewModels */,
				6F7A1AA32C3E99DE006D0986 /* NewsViewModel.swift */,
				6F7A1AA52C3E9A2E006D0986 /* MenuViewModel.swift */,
				6F7A1AE02C4264FA006D0986 /* ProfileViewModel.swift */,
			);
			path = ViewModels;
			sourceTree = "<group>";
		};
		6FBA08682C2EB98000A148F7 /* ReusableComponents */ = {
			isa = PBXGroup;
			children = (
				6FBA08692C2EB9A700A148F7 /* AuthHeaderView.swift */,
				6F7542962C31B1B60085839C /* CustomTextField.swift */,
				6F7542982C32E9B80085839C /* CustomButton.swift */,
				6F7542AC2C33EE230085839C /* WebViewer.swift */,
				6F590AD52C3AB7EC00F0B761 /* AlertManager.swift */,
				6F4C1FD92C3BE8600000D10F /* CustomLoaderView.swift */,
				6F4C1FDF2C3C14140000D10F /* NewsTableViewCell.swift */,
				6F7A1AB32C3FB538006D0986 /* NewsTableViewCellRedditType.swift */,
				6F7A1AE62C42C8E7006D0986 /* GradientLayer.swift */,
			);
			path = ReusableComponents;
			sourceTree = "<group>";
		};
/* End PBXGroup section */

/* Begin PBXNativeTarget section */
		6FBA083A2C2D7E3E00A148F7 /* GeoNews */ = {
			isa = PBXNativeTarget;
			buildConfigurationList = 6FBA084F2C2D7E3F00A148F7 /* Build configuration list for PBXNativeTarget "GeoNews" */;
			buildPhases = (
				6FBA08372C2D7E3E00A148F7 /* Sources */,
				6FBA08382C2D7E3E00A148F7 /* Frameworks */,
				6FBA08392C2D7E3E00A148F7 /* Resources */,
			);
			buildRules = (
			);
			dependencies = (
			);
			name = GeoNews;
			packageProductDependencies = (
				6FBA08592C2EA97000A148F7 /* FirebaseAuth */,
				6F7542A62C33EBBD0085839C /* FirebaseFirestore */,
			);
			productName = GeoNews;
			productReference = 6FBA083B2C2D7E3E00A148F7 /* GeoNews.app */;
			productType = "com.apple.product-type.application";
		};
/* End PBXNativeTarget section */

/* Begin PBXProject section */
		6FBA08332C2D7E3E00A148F7 /* Project object */ = {
			isa = PBXProject;
			attributes = {
				BuildIndependentTargetsInParallel = 1;
				LastSwiftUpdateCheck = 1530;
				LastUpgradeCheck = 1530;
				TargetAttributes = {
					6FBA083A2C2D7E3E00A148F7 = {
						CreatedOnToolsVersion = 15.3;
					};
				};
			};
			buildConfigurationList = 6FBA08362C2D7E3E00A148F7 /* Build configuration list for PBXProject "GeoNews" */;
			compatibilityVersion = "Xcode 14.0";
			developmentRegion = en;
			hasScannedForEncodings = 0;
			knownRegions = (
				en,
				Base,
			);
			mainGroup = 6FBA08322C2D7E3E00A148F7;
			packageReferences = (
				6FBA08542C2EA97000A148F7 /* XCRemoteSwiftPackageReference "firebase-ios-sdk" */,
			);
			productRefGroup = 6FBA083C2C2D7E3E00A148F7 /* Products */;
			projectDirPath = "";
			projectRoot = "";
			targets = (
				6FBA083A2C2D7E3E00A148F7 /* GeoNews */,
			);
		};
/* End PBXProject section */

/* Begin PBXResourcesBuildPhase section */
		6FBA08392C2D7E3E00A148F7 /* Resources */ = {
			isa = PBXResourcesBuildPhase;
			buildActionMask = 2147483647;
			files = (
				6FBA08482C2D7E3F00A148F7 /* Assets.xcassets in Resources */,
				6F7A1AE52C42A742006D0986 /* FiraGO-Regular.ttf in Resources */,
				6FBA084B2C2D7E3F00A148F7 /* Base in Resources */,
				6FBA08532C2EA7D800A148F7 /* GoogleService-Info.plist in Resources */,
			);
			runOnlyForDeploymentPostprocessing = 0;
		};
/* End PBXResourcesBuildPhase section */

/* Begin PBXSourcesBuildPhase section */
		6FBA08372C2D7E3E00A148F7 /* Sources */ = {
			isa = PBXSourcesBuildPhase;
			buildActionMask = 2147483647;
			files = (
				6F7542A42C33E8080085839C /* ProfileView.swift in Sources */,
				6F7A1ABB2C3FD82C006D0986 /* ProtocolExtension.swift in Sources */,
				6F7542AB2C33EC250085839C /* RegisterUserRequest.swift in Sources */,
				6FBA08432C2D7E3E00A148F7 /* SignInView.swift in Sources */,
				6F7A1AB42C3FB538006D0986 /* NewsTableViewCellRedditType.swift in Sources */,
				6F75429E2C33E7BE0085839C /* NewsView.swift in Sources */,
				6F7A1AA02C3E9728006D0986 /* HealthNewsView.swift in Sources */,
				6FBA08652C2EB82800A148F7 /* SignUpView.swift in Sources */,
				6FBA083F2C2D7E3E00A148F7 /* AppDelegate.swift in Sources */,
				6F7A1AB72C3FCC28006D0986 /* PoliticNewsView.swift in Sources */,
				6F7542A22C33E7F30085839C /* QuizView.swift in Sources */,
				6F7A1AC82C406651006D0986 /* NewsDetailedViewModel.swift in Sources */,
				6F7A1AC12C402156006D0986 /* TechNewsViewModel.swift in Sources */,
				6F7A1AAE2C3EAB72006D0986 /* UIImageViewExtension.swift in Sources */,
				6F7A1A9A2C3D273F006D0986 /* MenuView.swift in Sources */,
				6F7A1ABF2C402135006D0986 /* HealthNewsViewModel.swift in Sources */,
				6F7542A02C33E7D70085839C /* LeaderboardsView.swift in Sources */,
				6F7A1AA42C3E99DE006D0986 /* NewsViewModel.swift in Sources */,
				6F590ADC2C3B1C0600F0B761 /* SignInViewModel.swift in Sources */,
				6F590ADA2C3B166900F0B761 /* User.swift in Sources */,
				6F7A1A9C2C3D27E2006D0986 /* GeneralNewsView.swift in Sources */,
				6F590AD62C3AB7EC00F0B761 /* AlertManager.swift in Sources */,
				6F7A1AA62C3E9A2E006D0986 /* MenuViewModel.swift in Sources */,
				6F7542992C32E9B80085839C /* CustomButton.swift in Sources */,
				6F7542AD2C33EE230085839C /* WebViewer.swift in Sources */,
				6F75429B2C33DB3A0085839C /* AuthService.swift in Sources */,
				6F7A1AD52C4126EA006D0986 /* NewsDetailedView.swift in Sources */,
				6FBA08672C2EB8E800A148F7 /* RootViewController.swift in Sources */,
				6F7A1AE72C42C8E7006D0986 /* GradientLayer.swift in Sources */,
				6F7542972C31B1B60085839C /* CustomTextField.swift in Sources */,
				6F7A1AB02C3EB5AE006D0986 /* NetworkService.swift in Sources */,
				6F7A1A9E2C3E8072006D0986 /* SportNewsView.swift in Sources */,
				6F7542A92C33EC0B0085839C /* LoginUserRequest.swift in Sources */,
				6FBA08632C2EB02A00A148F7 /* ForgotPasswordView.swift in Sources */,
				6FBA08412C2D7E3E00A148F7 /* SceneDelegate.swift in Sources */,
				6F7A1AA22C3E974A006D0986 /* TechNewsView.swift in Sources */,
				6F4C1FD82C3BD45B0000D10F /* ForgotPasswordViewModel.swift in Sources */,
				6F590AD82C3B141800F0B761 /* AuthValidator.swift in Sources */,
				6F7A1AB92C3FCC54006D0986 /* PoliticsNewsViewModel.swift in Sources */,
				6F7A1AE12C4264FA006D0986 /* ProfileViewModel.swift in Sources */,
				6F7A1AA92C3EA26F006D0986 /* GeneralNewsViewModel.swift in Sources */,
				6F4C1FD62C3BBE1D0000D10F /* SignUpViewModel.swift in Sources */,
				6F4C1FE02C3C14140000D10F /* NewsTableViewCell.swift in Sources */,
				6F4C1FDA2C3BE8600000D10F /* CustomLoaderView.swift in Sources */,
				6F7A1AAB2C3EA291006D0986 /* News.swift in Sources */,
				6F7A1ABD2C401F94006D0986 /* SportNewsViewModel.swift in Sources */,
				6FBA086A2C2EB9A800A148F7 /* AuthHeaderView.swift in Sources */,
			);
			runOnlyForDeploymentPostprocessing = 0;
		};
/* End PBXSourcesBuildPhase section */

/* Begin PBXVariantGroup section */
		6FBA08492C2D7E3F00A148F7 /* LaunchScreen.storyboard */ = {
			isa = PBXVariantGroup;
			children = (
				6FBA084A2C2D7E3F00A148F7 /* Base */,
			);
			name = LaunchScreen.storyboard;
			sourceTree = "<group>";
		};
/* End PBXVariantGroup section */

/* Begin XCBuildConfiguration section */
		6FBA084D2C2D7E3F00A148F7 /* Debug */ = {
			isa = XCBuildConfiguration;
			buildSettings = {
				ALWAYS_SEARCH_USER_PATHS = NO;
				ASSETCATALOG_COMPILER_GENERATE_SWIFT_ASSET_SYMBOL_EXTENSIONS = YES;
				CLANG_ANALYZER_NONNULL = YES;
				CLANG_ANALYZER_NUMBER_OBJECT_CONVERSION = YES_AGGRESSIVE;
				CLANG_CXX_LANGUAGE_STANDARD = "gnu++20";
				CLANG_ENABLE_MODULES = YES;
				CLANG_ENABLE_OBJC_ARC = YES;
				CLANG_ENABLE_OBJC_WEAK = YES;
				CLANG_WARN_BLOCK_CAPTURE_AUTORELEASING = YES;
				CLANG_WARN_BOOL_CONVERSION = YES;
				CLANG_WARN_COMMA = YES;
				CLANG_WARN_CONSTANT_CONVERSION = YES;
				CLANG_WARN_DEPRECATED_OBJC_IMPLEMENTATIONS = YES;
				CLANG_WARN_DIRECT_OBJC_ISA_USAGE = YES_ERROR;
				CLANG_WARN_DOCUMENTATION_COMMENTS = YES;
				CLANG_WARN_EMPTY_BODY = YES;
				CLANG_WARN_ENUM_CONVERSION = YES;
				CLANG_WARN_INFINITE_RECURSION = YES;
				CLANG_WARN_INT_CONVERSION = YES;
				CLANG_WARN_NON_LITERAL_NULL_CONVERSION = YES;
				CLANG_WARN_OBJC_IMPLICIT_RETAIN_SELF = YES;
				CLANG_WARN_OBJC_LITERAL_CONVERSION = YES;
				CLANG_WARN_OBJC_ROOT_CLASS = YES_ERROR;
				CLANG_WARN_QUOTED_INCLUDE_IN_FRAMEWORK_HEADER = YES;
				CLANG_WARN_RANGE_LOOP_ANALYSIS = YES;
				CLANG_WARN_STRICT_PROTOTYPES = YES;
				CLANG_WARN_SUSPICIOUS_MOVE = YES;
				CLANG_WARN_UNGUARDED_AVAILABILITY = YES_AGGRESSIVE;
				CLANG_WARN_UNREACHABLE_CODE = YES;
				CLANG_WARN__DUPLICATE_METHOD_MATCH = YES;
				COPY_PHASE_STRIP = NO;
				DEBUG_INFORMATION_FORMAT = dwarf;
				ENABLE_STRICT_OBJC_MSGSEND = YES;
				ENABLE_TESTABILITY = YES;
				ENABLE_USER_SCRIPT_SANDBOXING = YES;
				GCC_C_LANGUAGE_STANDARD = gnu17;
				GCC_DYNAMIC_NO_PIC = NO;
				GCC_NO_COMMON_BLOCKS = YES;
				GCC_OPTIMIZATION_LEVEL = 0;
				GCC_PREPROCESSOR_DEFINITIONS = (
					"DEBUG=1",
					"$(inherited)",
				);
				GCC_WARN_64_TO_32_BIT_CONVERSION = YES;
				GCC_WARN_ABOUT_RETURN_TYPE = YES_ERROR;
				GCC_WARN_UNDECLARED_SELECTOR = YES;
				GCC_WARN_UNINITIALIZED_AUTOS = YES_AGGRESSIVE;
				GCC_WARN_UNUSED_FUNCTION = YES;
				GCC_WARN_UNUSED_VARIABLE = YES;
				IPHONEOS_DEPLOYMENT_TARGET = 17.4;
				LOCALIZATION_PREFERS_STRING_CATALOGS = YES;
				MTL_ENABLE_DEBUG_INFO = INCLUDE_SOURCE;
				MTL_FAST_MATH = YES;
				ONLY_ACTIVE_ARCH = YES;
				SDKROOT = iphoneos;
				SWIFT_ACTIVE_COMPILATION_CONDITIONS = "DEBUG $(inherited)";
				SWIFT_OPTIMIZATION_LEVEL = "-Onone";
			};
			name = Debug;
		};
		6FBA084E2C2D7E3F00A148F7 /* Release */ = {
			isa = XCBuildConfiguration;
			buildSettings = {
				ALWAYS_SEARCH_USER_PATHS = NO;
				ASSETCATALOG_COMPILER_GENERATE_SWIFT_ASSET_SYMBOL_EXTENSIONS = YES;
				CLANG_ANALYZER_NONNULL = YES;
				CLANG_ANALYZER_NUMBER_OBJECT_CONVERSION = YES_AGGRESSIVE;
				CLANG_CXX_LANGUAGE_STANDARD = "gnu++20";
				CLANG_ENABLE_MODULES = YES;
				CLANG_ENABLE_OBJC_ARC = YES;
				CLANG_ENABLE_OBJC_WEAK = YES;
				CLANG_WARN_BLOCK_CAPTURE_AUTORELEASING = YES;
				CLANG_WARN_BOOL_CONVERSION = YES;
				CLANG_WARN_COMMA = YES;
				CLANG_WARN_CONSTANT_CONVERSION = YES;
				CLANG_WARN_DEPRECATED_OBJC_IMPLEMENTATIONS = YES;
				CLANG_WARN_DIRECT_OBJC_ISA_USAGE = YES_ERROR;
				CLANG_WARN_DOCUMENTATION_COMMENTS = YES;
				CLANG_WARN_EMPTY_BODY = YES;
				CLANG_WARN_ENUM_CONVERSION = YES;
				CLANG_WARN_INFINITE_RECURSION = YES;
				CLANG_WARN_INT_CONVERSION = YES;
				CLANG_WARN_NON_LITERAL_NULL_CONVERSION = YES;
				CLANG_WARN_OBJC_IMPLICIT_RETAIN_SELF = YES;
				CLANG_WARN_OBJC_LITERAL_CONVERSION = YES;
				CLANG_WARN_OBJC_ROOT_CLASS = YES_ERROR;
				CLANG_WARN_QUOTED_INCLUDE_IN_FRAMEWORK_HEADER = YES;
				CLANG_WARN_RANGE_LOOP_ANALYSIS = YES;
				CLANG_WARN_STRICT_PROTOTYPES = YES;
				CLANG_WARN_SUSPICIOUS_MOVE = YES;
				CLANG_WARN_UNGUARDED_AVAILABILITY = YES_AGGRESSIVE;
				CLANG_WARN_UNREACHABLE_CODE = YES;
				CLANG_WARN__DUPLICATE_METHOD_MATCH = YES;
				COPY_PHASE_STRIP = NO;
				DEBUG_INFORMATION_FORMAT = "dwarf-with-dsym";
				ENABLE_NS_ASSERTIONS = NO;
				ENABLE_STRICT_OBJC_MSGSEND = YES;
				ENABLE_USER_SCRIPT_SANDBOXING = YES;
				GCC_C_LANGUAGE_STANDARD = gnu17;
				GCC_NO_COMMON_BLOCKS = YES;
				GCC_WARN_64_TO_32_BIT_CONVERSION = YES;
				GCC_WARN_ABOUT_RETURN_TYPE = YES_ERROR;
				GCC_WARN_UNDECLARED_SELECTOR = YES;
				GCC_WARN_UNINITIALIZED_AUTOS = YES_AGGRESSIVE;
				GCC_WARN_UNUSED_FUNCTION = YES;
				GCC_WARN_UNUSED_VARIABLE = YES;
				IPHONEOS_DEPLOYMENT_TARGET = 17.4;
				LOCALIZATION_PREFERS_STRING_CATALOGS = YES;
				MTL_ENABLE_DEBUG_INFO = NO;
				MTL_FAST_MATH = YES;
				SDKROOT = iphoneos;
				SWIFT_COMPILATION_MODE = wholemodule;
				VALIDATE_PRODUCT = YES;
			};
			name = Release;
		};
		6FBA08502C2D7E3F00A148F7 /* Debug */ = {
			isa = XCBuildConfiguration;
			buildSettings = {
				ASSETCATALOG_COMPILER_APPICON_NAME = AppIcon;
				ASSETCATALOG_COMPILER_GLOBAL_ACCENT_COLOR_NAME = AccentColor;
				CODE_SIGN_STYLE = Automatic;
				CURRENT_PROJECT_VERSION = 1;
				DEVELOPMENT_TEAM = FG33X32B98;
				GENERATE_INFOPLIST_FILE = YES;
				INFOPLIST_FILE = GeoNews/SupportingFiles/Info.plist;
				INFOPLIST_KEY_UIApplicationSupportsIndirectInputEvents = YES;
				INFOPLIST_KEY_UILaunchStoryboardName = LaunchScreen;
				INFOPLIST_KEY_UISupportedInterfaceOrientations_iPad = "UIInterfaceOrientationPortrait UIInterfaceOrientationPortraitUpsideDown UIInterfaceOrientationLandscapeLeft UIInterfaceOrientationLandscapeRight";
				INFOPLIST_KEY_UISupportedInterfaceOrientations_iPhone = "UIInterfaceOrientationPortrait UIInterfaceOrientationLandscapeLeft UIInterfaceOrientationLandscapeRight";
				LD_RUNPATH_SEARCH_PATHS = (
					"$(inherited)",
					"@executable_path/Frameworks",
				);
				MARKETING_VERSION = 1.0;
				PRODUCT_BUNDLE_IDENTIFIER = ge.academy.GeoNews;
				PRODUCT_NAME = "$(TARGET_NAME)";
				SWIFT_EMIT_LOC_STRINGS = YES;
				SWIFT_VERSION = 5.0;
				TARGETED_DEVICE_FAMILY = "1,2";
			};
			name = Debug;
		};
		6FBA08512C2D7E3F00A148F7 /* Release */ = {
			isa = XCBuildConfiguration;
			buildSettings = {
				ASSETCATALOG_COMPILER_APPICON_NAME = AppIcon;
				ASSETCATALOG_COMPILER_GLOBAL_ACCENT_COLOR_NAME = AccentColor;
				CODE_SIGN_STYLE = Automatic;
				CURRENT_PROJECT_VERSION = 1;
				DEVELOPMENT_TEAM = FG33X32B98;
				GENERATE_INFOPLIST_FILE = YES;
				INFOPLIST_FILE = GeoNews/SupportingFiles/Info.plist;
				INFOPLIST_KEY_UIApplicationSupportsIndirectInputEvents = YES;
				INFOPLIST_KEY_UILaunchStoryboardName = LaunchScreen;
				INFOPLIST_KEY_UISupportedInterfaceOrientations_iPad = "UIInterfaceOrientationPortrait UIInterfaceOrientationPortraitUpsideDown UIInterfaceOrientationLandscapeLeft UIInterfaceOrientationLandscapeRight";
				INFOPLIST_KEY_UISupportedInterfaceOrientations_iPhone = "UIInterfaceOrientationPortrait UIInterfaceOrientationLandscapeLeft UIInterfaceOrientationLandscapeRight";
				LD_RUNPATH_SEARCH_PATHS = (
					"$(inherited)",
					"@executable_path/Frameworks",
				);
				MARKETING_VERSION = 1.0;
				PRODUCT_BUNDLE_IDENTIFIER = ge.academy.GeoNews;
				PRODUCT_NAME = "$(TARGET_NAME)";
				SWIFT_EMIT_LOC_STRINGS = YES;
				SWIFT_VERSION = 5.0;
				TARGETED_DEVICE_FAMILY = "1,2";
			};
			name = Release;
		};
/* End XCBuildConfiguration section */

/* Begin XCConfigurationList section */
		6FBA08362C2D7E3E00A148F7 /* Build configuration list for PBXProject "GeoNews" */ = {
			isa = XCConfigurationList;
			buildConfigurations = (
				6FBA084D2C2D7E3F00A148F7 /* Debug */,
				6FBA084E2C2D7E3F00A148F7 /* Release */,
			);
			defaultConfigurationIsVisible = 0;
			defaultConfigurationName = Release;
		};
		6FBA084F2C2D7E3F00A148F7 /* Build configuration list for PBXNativeTarget "GeoNews" */ = {
			isa = XCConfigurationList;
			buildConfigurations = (
				6FBA08502C2D7E3F00A148F7 /* Debug */,
				6FBA08512C2D7E3F00A148F7 /* Release */,
			);
			defaultConfigurationIsVisible = 0;
			defaultConfigurationName = Release;
		};
/* End XCConfigurationList section */

/* Begin XCRemoteSwiftPackageReference section */
		6FBA08542C2EA97000A148F7 /* XCRemoteSwiftPackageReference "firebase-ios-sdk" */ = {
			isa = XCRemoteSwiftPackageReference;
			repositoryURL = "https://github.com/firebase/firebase-ios-sdk";
			requirement = {
				kind = upToNextMajorVersion;
				minimumVersion = 10.28.1;
			};
		};
/* End XCRemoteSwiftPackageReference section */

/* Begin XCSwiftPackageProductDependency section */
		6F7542A62C33EBBD0085839C /* FirebaseFirestore */ = {
			isa = XCSwiftPackageProductDependency;
			package = 6FBA08542C2EA97000A148F7 /* XCRemoteSwiftPackageReference "firebase-ios-sdk" */;
			productName = FirebaseFirestore;
		};
		6FBA08592C2EA97000A148F7 /* FirebaseAuth */ = {
			isa = XCSwiftPackageProductDependency;
			package = 6FBA08542C2EA97000A148F7 /* XCRemoteSwiftPackageReference "firebase-ios-sdk" */;
			productName = FirebaseAuth;
		};
/* End XCSwiftPackageProductDependency section */
	};
	rootObject = 6FBA08332C2D7E3E00A148F7 /* Project object */;
}
